
Microsoft Visual Studio Solution File, Format Version 12.00
# Visual Studio 15
VisualStudioVersion = 15.0.28010.2041
MinimumVisualStudioVersion = 10.0.40219.1
Project("{9A19103F-16F7-4668-BE54-9A1E7A4F7556}") = "CitiesWeb.API", "CitiesWeb.API\CitiesWeb.API.csproj", "{16078206-8BB6-42FC-8E5B-CCA0CECF2322}"
EndProject
Project("{FAE04EC0-301F-11D3-BF4B-00C04F79EFBC}") = "CitiesWeb.Client", "CitiesWeb.Client\CitiesWeb.Client.csproj", "{AB2BAFCD-C9BB-4D76-BBA1-A99156F7E6F8}"
EndProject
Global
	GlobalSection(SolutionConfigurationPlatforms) = preSolution
		Debug|Any CPU = Debug|Any CPU
		Release|Any CPU = Release|Any CPU
	EndGlobalSection
	GlobalSection(ProjectConfigurationPlatforms) = postSolution
		{16078206-8BB6-42FC-8E5B-CCA0CECF2322}.Debug|Any CPU.ActiveCfg = Debug|Any CPU
		{16078206-8BB6-42FC-8E5B-CCA0CECF2322}.Debug|Any CPU.Build.0 = Debug|Any CPU
		{16078206-8BB6-42FC-8E5B-CCA0CECF2322}.Release|Any CPU.ActiveCfg = Release|Any CPU
		{16078206-8BB6-42FC-8E5B-CCA0CECF2322}.Release|Any CPU.Build.0 = Release|Any CPU
		{AB2BAFCD-C9BB-4D76-BBA1-A99156F7E6F8}.Debug|Any CPU.ActiveCfg = Debug|Any CPU
		{AB2BAFCD-C9BB-4D76-BBA1-A99156F7E6F8}.Debug|Any CPU.Build.0 = Debug|Any CPU
		{AB2BAFCD-C9BB-4D76-BBA1-A99156F7E6F8}.Release|Any CPU.ActiveCfg = Release|Any CPU
		{AB2BAFCD-C9BB-4D76-BBA1-A99156F7E6F8}.Release|Any CPU.Build.0 = Release|Any CPU
	EndGlobalSection
	GlobalSection(SolutionProperties) = preSolution
		HideSolutionNode = FALSE
	EndGlobalSection
	GlobalSection(ExtensibilityGlobals) = postSolution
		SolutionGuid = {15201BF1-EDAB-49CE-8BDE-C49222721DDB}
	EndGlobalSection
EndGlobal
